
Microsoft Visual Studio Solution File, Format Version 12.00
# Visual Studio 2013
VisualStudioVersion = 12.0.31101.0
MinimumVisualStudioVersion = 10.0.40219.1
Project("{FAE04EC0-301F-11D3-BF4B-00C04F79EFBC}") = "CVAggregator.Host", "CVAggregator.Host\CVAggregator.Host.csproj", "{CA9C9ED5-D374-4032-9AF5-765ADB2F50F4}"
EndProject
Project("{FAE04EC0-301F-11D3-BF4B-00C04F79EFBC}") = "CVAggregator.Services", "CVAggregator.Services\CVAggregator.Services.csproj", "{ABCEF9CD-B57C-4646-9469-4DAB65F3F2C6}"
EndProject
Project("{FAE04EC0-301F-11D3-BF4B-00C04F79EFBC}") = "CVAggregator.Services.Tests", "CVAggregator.Services.Tests\CVAggregator.Services.Tests.csproj", "{74C63B6A-5471-4424-95A6-51607B30862C}"
EndProject
Project("{FAE04EC0-301F-11D3-BF4B-00C04F79EFBC}") = "AggregatorService.Domain", "AggregatorService.Domain\AggregatorService.Domain.csproj", "{7BC707F3-D96A-4B57-B0ED-3AA41A616A85}"
EndProject
Global
	GlobalSection(SolutionConfigurationPlatforms) = preSolution
		Debug|Any CPU = Debug|Any CPU
		Release|Any CPU = Release|Any CPU
	EndGlobalSection
	GlobalSection(ProjectConfigurationPlatforms) = postSolution
		{CA9C9ED5-D374-4032-9AF5-765ADB2F50F4}.Debug|Any CPU.ActiveCfg = Debug|Any CPU
		{CA9C9ED5-D374-4032-9AF5-765ADB2F50F4}.Debug|Any CPU.Build.0 = Debug|Any CPU
		{CA9C9ED5-D374-4032-9AF5-765ADB2F50F4}.Release|Any CPU.ActiveCfg = Release|Any CPU
		{CA9C9ED5-D374-4032-9AF5-765ADB2F50F4}.Release|Any CPU.Build.0 = Release|Any CPU
		{ABCEF9CD-B57C-4646-9469-4DAB65F3F2C6}.Debug|Any CPU.ActiveCfg = Debug|Any CPU
		{ABCEF9CD-B57C-4646-9469-4DAB65F3F2C6}.Debug|Any CPU.Build.0 = Debug|Any CPU
		{ABCEF9CD-B57C-4646-9469-4DAB65F3F2C6}.Release|Any CPU.ActiveCfg = Release|Any CPU
		{ABCEF9CD-B57C-4646-9469-4DAB65F3F2C6}.Release|Any CPU.Build.0 = Release|Any CPU
		{74C63B6A-5471-4424-95A6-51607B30862C}.Debug|Any CPU.ActiveCfg = Debug|Any CPU
		{74C63B6A-5471-4424-95A6-51607B30862C}.Debug|Any CPU.Build.0 = Debug|Any CPU
		{74C63B6A-5471-4424-95A6-51607B30862C}.Release|Any CPU.ActiveCfg = Release|Any CPU
		{74C63B6A-5471-4424-95A6-51607B30862C}.Release|Any CPU.Build.0 = Release|Any CPU
		{7BC707F3-D96A-4B57-B0ED-3AA41A616A85}.Debug|Any CPU.ActiveCfg = Debug|Any CPU
		{7BC707F3-D96A-4B57-B0ED-3AA41A616A85}.Debug|Any CPU.Build.0 = Debug|Any CPU
		{7BC707F3-D96A-4B57-B0ED-3AA41A616A85}.Release|Any CPU.ActiveCfg = Release|Any CPU
		{7BC707F3-D96A-4B57-B0ED-3AA41A616A85}.Release|Any CPU.Build.0 = Release|Any CPU
	EndGlobalSection
	GlobalSection(SolutionProperties) = preSolution
		HideSolutionNode = FALSE
	EndGlobalSection
EndGlobal
